
Microsoft Visual Studio Solution File, Format Version 12.00
Project("{FAE04EC0-301F-11D3-BF4B-00C04F79EFBC}") = "PrintEnvVars", "PrintEnvVars\PrintEnvVars.csproj", "{7A3F8735-0F77-455A-8833-56FF0833B0DD}"
EndProject
Global
	GlobalSection(SolutionConfigurationPlatforms) = preSolution
		Debug|Any CPU = Debug|Any CPU
		Release|Any CPU = Release|Any CPU
	EndGlobalSection
	GlobalSection(ProjectConfigurationPlatforms) = postSolution
		{7A3F8735-0F77-455A-8833-56FF0833B0DD}.Debug|Any CPU.ActiveCfg = Debug|Any CPU
		{7A3F8735-0F77-455A-8833-56FF0833B0DD}.Debug|Any CPU.Build.0 = Debug|Any CPU
		{7A3F8735-0F77-455A-8833-56FF0833B0DD}.Release|Any CPU.ActiveCfg = Release|Any CPU
		{7A3F8735-0F77-455A-8833-56FF0833B0DD}.Release|Any CPU.Build.0 = Release|Any CPU
	EndGlobalSection
EndGlobal
